
Microsoft Visual Studio Solution File, Format Version 12.00
# Visual Studio Version 17
VisualStudioVersion = 17.5.33627.172
MinimumVisualStudioVersion = 10.0.40219.1
Project("{FAE04EC0-301F-11D3-BF4B-00C04F79EFBC}") = "LiveTalkOpenAISummarizeSample", "LiveTalkOpenAISummarizeSample\LiveTalkOpenAISummarizeSample.csproj", "{3A183F6C-1996-4F70-A7E3-A259E0587985}"
EndProject
Global
	GlobalSection(SolutionConfigurationPlatforms) = preSolution
		Debug|Any CPU = Debug|Any CPU
		Release|Any CPU = Release|Any CPU
	EndGlobalSection
	GlobalSection(ProjectConfigurationPlatforms) = postSolution
		{3A183F6C-1996-4F70-A7E3-A259E0587985}.Debug|Any CPU.ActiveCfg = Debug|Any CPU
		{3A183F6C-1996-4F70-A7E3-A259E0587985}.Debug|Any CPU.Build.0 = Debug|Any CPU
		{3A183F6C-1996-4F70-A7E3-A259E0587985}.Release|Any CPU.ActiveCfg = Release|Any CPU
		{3A183F6C-1996-4F70-A7E3-A259E0587985}.Release|Any CPU.Build.0 = Release|Any CPU
	EndGlobalSection
	GlobalSection(SolutionProperties) = preSolution
		HideSolutionNode = FALSE
	EndGlobalSection
	GlobalSection(ExtensibilityGlobals) = postSolution
		SolutionGuid = {6D2F2A6E-A1CB-4D77-BE9A-9E73B885B8F6}
	EndGlobalSection
EndGlobal
